{
  "version": 4,
  "terraform_version": "1.4.6",
  "serial": 74,
  "lineage": "f22515ba-1126-ed87-404a-a040864dfca5",
  "outputs": {},
  "resources": [
    {
      "module": "module.blog-graphql",
      "mode": "managed",
      "type": "google_cloud_run_service",
      "name": "default",
      "provider": "provider[\"registry.terraform.io/hashicorp/google-beta\"]",
      "instances": [
        {
          "schema_version": 1,
          "attributes": {
            "autogenerate_revision_name": false,
            "id": "locations/europe-west3/namespaces/peeter-fvst-staging/services/blog-graphql",
            "location": "europe-west3",
            "metadata": [
              {
                "annotations": {
                  "run.googleapis.com/client-name": "cloud-console",
                  "run.googleapis.com/ingress": "all",
                  "run.googleapis.com/ingress-status": "all",
                  "run.googleapis.com/operation-id": "f6a97fa5-d1f7-49a7-aff7-6b1ad312f23d",
                  "serving.knative.dev/creator": "peeter@fvst.dev",
                  "serving.knative.dev/lastModifier": "peeter@fvst.dev"
                },
                "generation": 4,
                "labels": {
                  "cloud.googleapis.com/location": "europe-west3",
                  "run.googleapis.com/satisfiesPzs": "true"
                },
                "namespace": "peeter-fvst-staging",
                "resource_version": "AAX+uz/nKk4",
                "self_link": "/apis/serving.knative.dev/v1/namespaces/965609397871/services/blog-graphql",
                "uid": "8de5abe9-de05-4b77-a967-74f13bf0b21d"
              }
            ],
            "name": "blog-graphql",
            "project": "peeter-fvst-staging",
            "status": [
              {
                "conditions": [
                  {
                    "message": "",
                    "reason": "",
                    "status": "True",
                    "type": "Ready"
                  },
                  {
                    "message": "",
                    "reason": "",
                    "status": "True",
                    "type": "ConfigurationsReady"
                  },
                  {
                    "message": "",
                    "reason": "",
                    "status": "True",
                    "type": "RoutesReady"
                  }
                ],
                "latest_created_revision_name": "blog-graphql-00004-zjj",
                "latest_ready_revision_name": "blog-graphql-00004-zjj",
                "observed_generation": 4,
                "url": "https://blog-graphql-zf3wne2x2a-ey.a.run.app"
              }
            ],
            "template": [
              {
                "metadata": [
                  {
                    "annotations": {
                      "autoscaling.knative.dev/maxScale": "100",
                      "run.googleapis.com/execution-environment": "gen2"
                    },
                    "generation": 0,
                    "labels": {
                      "run.googleapis.com/startupProbeType": "Default"
                    },
                    "name": "",
                    "namespace": "",
                    "resource_version": "",
                    "self_link": "",
                    "uid": ""
                  }
                ],
                "spec": [
                  {
                    "container_concurrency": 80,
                    "containers": [
                      {
                        "args": [],
                        "command": [],
                        "env": [
                          {
                            "name": "CLERK_ISSUER",
                            "value": "CHANGE-ME-IN-GCP-SECRETS-MANAGER",
                            "value_from": []
                          },
                          {
                            "name": "CLERK_JWSK_URL",
                            "value": "CHANGE-ME-IN-GCP-SECRETS-MANAGER",
                            "value_from": []
                          }
                        ],
                        "env_from": [],
                        "image": "gcr.io/google-samples/hello-app:1.0",
                        "liveness_probe": [],
                        "name": "",
                        "ports": [
                          {
                            "container_port": 8080,
                            "name": "http1",
                            "protocol": ""
                          }
                        ],
                        "resources": [
                          {
                            "limits": {
                              "cpu": "1000m",
                              "memory": "512Mi"
                            },
                            "requests": {}
                          }
                        ],
                        "startup_probe": [
                          {
                            "failure_threshold": 1,
                            "grpc": [],
                            "http_get": [],
                            "initial_delay_seconds": 0,
                            "period_seconds": 240,
                            "tcp_socket": [
                              {
                                "port": 8080
                              }
                            ],
                            "timeout_seconds": 240
                          }
                        ],
                        "volume_mounts": [],
                        "working_dir": ""
                      }
                    ],
                    "service_account_name": "965609397871-compute@developer.gserviceaccount.com",
                    "serving_state": "",
                    "timeout_seconds": 300,
                    "volumes": []
                  }
                ]
              }
            ],
            "timeouts": null,
            "traffic": [
              {
                "latest_revision": true,
                "percent": 100,
                "revision_name": "",
                "tag": "",
                "url": ""
              }
            ]
          },
          "sensitive_attributes": [
            [
              {
                "type": "get_attr",
                "value": "template"
              },
              {
                "type": "index",
                "value": {
                  "value": 0,
                  "type": "number"
                }
              },
              {
                "type": "get_attr",
                "value": "spec"
              },
              {
                "type": "index",
                "value": {
                  "value": 0,
                  "type": "number"
                }
              },
              {
                "type": "get_attr",
                "value": "containers"
              },
              {
                "type": "index",
                "value": {
                  "value": 0,
                  "type": "number"
                }
              },
              {
                "type": "get_attr",
                "value": "env"
              }
            ]
          ],
          "private": "eyJlMmJmYjczMC1lY2FhLTExZTYtOGY4OC0zNDM2M2JjN2M0YzAiOnsiY3JlYXRlIjoxMjAwMDAwMDAwMDAwLCJkZWxldGUiOjEyMDAwMDAwMDAwMDAsInVwZGF0ZSI6MTIwMDAwMDAwMDAwMH0sInNjaGVtYV92ZXJzaW9uIjoiMSJ9",
          "dependencies": [
            "module.google-services.google_project_service.containerregistry",
            "module.google-services.google_project_service.redis",
            "module.google-services.google_project_service.run_api",
            "module.google-services.google_project_service.secrets_manager",
            "module.secrets-manager.data.google_secret_manager_secret_version.clerk-backend",
            "module.secrets-manager.google_secret_manager_secret.clerk-backend",
            "module.secrets-manager.google_secret_manager_secret_version.clerk-backend"
          ]
        }
      ]
    },
    {
      "module": "module.container-registry",
      "mode": "managed",
      "type": "google_container_registry",
      "name": "registry",
      "provider": "provider[\"registry.terraform.io/hashicorp/google\"]",
      "instances": [
        {
          "schema_version": 0,
          "attributes": {
            "bucket_self_link": "https://www.googleapis.com/storage/v1/b/eu.artifacts.peeter-fvst-staging.appspot.com",
            "id": "eu.artifacts.peeter-fvst-staging.appspot.com",
            "location": "EU",
            "project": "peeter-fvst-staging"
          },
          "sensitive_attributes": [],
          "private": "bnVsbA==",
          "dependencies": [
            "module.google-services.google_project_service.containerregistry",
            "module.google-services.google_project_service.redis",
            "module.google-services.google_project_service.run_api",
            "module.google-services.google_project_service.secrets_manager"
          ]
        }
      ]
    },
    {
      "module": "module.google-services",
      "mode": "managed",
      "type": "google_project_service",
      "name": "containerregistry",
      "provider": "provider[\"registry.terraform.io/hashicorp/google\"]",
      "instances": [
        {
          "schema_version": 0,
          "attributes": {
            "disable_dependent_services": false,
            "disable_on_destroy": true,
            "id": "peeter-fvst-staging/containerregistry.googleapis.com",
            "project": "peeter-fvst-staging",
            "service": "containerregistry.googleapis.com",
            "timeouts": null
          },
          "sensitive_attributes": [],
          "private": "eyJlMmJmYjczMC1lY2FhLTExZTYtOGY4OC0zNDM2M2JjN2M0YzAiOnsiY3JlYXRlIjoxMjAwMDAwMDAwMDAwLCJkZWxldGUiOjEyMDAwMDAwMDAwMDAsInJlYWQiOjYwMDAwMDAwMDAwMCwidXBkYXRlIjoxMjAwMDAwMDAwMDAwfX0="
        }
      ]
    },
    {
      "module": "module.google-services",
      "mode": "managed",
      "type": "google_project_service",
      "name": "redis",
      "provider": "provider[\"registry.terraform.io/hashicorp/google\"]",
      "instances": [
        {
          "schema_version": 0,
          "attributes": {
            "disable_dependent_services": null,
            "disable_on_destroy": true,
            "id": "peeter-fvst-staging/redis.googleapis.com",
            "project": "peeter-fvst-staging",
            "service": "redis.googleapis.com",
            "timeouts": null
          },
          "sensitive_attributes": [],
          "private": "eyJlMmJmYjczMC1lY2FhLTExZTYtOGY4OC0zNDM2M2JjN2M0YzAiOnsiY3JlYXRlIjoxMjAwMDAwMDAwMDAwLCJkZWxldGUiOjEyMDAwMDAwMDAwMDAsInJlYWQiOjYwMDAwMDAwMDAwMCwidXBkYXRlIjoxMjAwMDAwMDAwMDAwfX0="
        }
      ]
    },
    {
      "module": "module.google-services",
      "mode": "managed",
      "type": "google_project_service",
      "name": "run_api",
      "provider": "provider[\"registry.terraform.io/hashicorp/google\"]",
      "instances": [
        {
          "schema_version": 0,
          "attributes": {
            "disable_dependent_services": null,
            "disable_on_destroy": true,
            "id": "peeter-fvst-staging/run.googleapis.com",
            "project": "peeter-fvst-staging",
            "service": "run.googleapis.com",
            "timeouts": null
          },
          "sensitive_attributes": [],
          "private": "eyJlMmJmYjczMC1lY2FhLTExZTYtOGY4OC0zNDM2M2JjN2M0YzAiOnsiY3JlYXRlIjoxMjAwMDAwMDAwMDAwLCJkZWxldGUiOjEyMDAwMDAwMDAwMDAsInJlYWQiOjYwMDAwMDAwMDAwMCwidXBkYXRlIjoxMjAwMDAwMDAwMDAwfX0="
        }
      ]
    },
    {
      "module": "module.google-services",
      "mode": "managed",
      "type": "google_project_service",
      "name": "secrets_manager",
      "provider": "provider[\"registry.terraform.io/hashicorp/google\"]",
      "instances": [
        {
          "schema_version": 0,
          "attributes": {
            "disable_dependent_services": null,
            "disable_on_destroy": true,
            "id": "peeter-fvst-staging/secretmanager.googleapis.com",
            "project": "peeter-fvst-staging",
            "service": "secretmanager.googleapis.com",
            "timeouts": null
          },
          "sensitive_attributes": [],
          "private": "eyJlMmJmYjczMC1lY2FhLTExZTYtOGY4OC0zNDM2M2JjN2M0YzAiOnsiY3JlYXRlIjoxMjAwMDAwMDAwMDAwLCJkZWxldGUiOjEyMDAwMDAwMDAwMDAsInJlYWQiOjYwMDAwMDAwMDAwMCwidXBkYXRlIjoxMjAwMDAwMDAwMDAwfX0="
        }
      ]
    },
    {
      "module": "module.graphql-gateway",
      "mode": "managed",
      "type": "google_cloud_run_service",
      "name": "default",
      "provider": "provider[\"registry.terraform.io/hashicorp/google-beta\"]",
      "instances": [
        {
          "schema_version": 1,
          "attributes": {
            "autogenerate_revision_name": false,
            "id": "locations/europe-west3/namespaces/peeter-fvst-staging/services/graphql-gateway",
            "location": "europe-west3",
            "metadata": [
              {
                "annotations": {
                  "run.googleapis.com/ingress": "all",
                  "run.googleapis.com/ingress-status": "all",
                  "run.googleapis.com/operation-id": "034e0549-7d2e-40c5-9fc1-117768b858d3",
                  "serving.knative.dev/creator": "peeter@fvst.dev",
                  "serving.knative.dev/lastModifier": "peeter@fvst.dev"
                },
                "generation": 1,
                "labels": {
                  "cloud.googleapis.com/location": "europe-west3",
                  "run.googleapis.com/satisfiesPzs": "true"
                },
                "namespace": "peeter-fvst-staging",
                "resource_version": "AAX+kdvETh4",
                "self_link": "/apis/serving.knative.dev/v1/namespaces/965609397871/services/graphql-gateway",
                "uid": "aeb26327-c56c-49f4-a2b9-e82b0f180862"
              }
            ],
            "name": "graphql-gateway",
            "project": "peeter-fvst-staging",
            "status": [
              {
                "conditions": [
                  {
                    "message": "",
                    "reason": "",
                    "status": "True",
                    "type": "Ready"
                  },
                  {
                    "message": "",
                    "reason": "",
                    "status": "True",
                    "type": "ConfigurationsReady"
                  },
                  {
                    "message": "",
                    "reason": "",
                    "status": "True",
                    "type": "RoutesReady"
                  }
                ],
                "latest_created_revision_name": "graphql-gateway-00001-d98",
                "latest_ready_revision_name": "graphql-gateway-00001-d98",
                "observed_generation": 1,
                "url": "https://graphql-gateway-zf3wne2x2a-ey.a.run.app"
              }
            ],
            "template": [
              {
                "metadata": [
                  {
                    "annotations": {
                      "autoscaling.knative.dev/maxScale": "100",
                      "run.googleapis.com/execution-environment": "gen2"
                    },
                    "generation": 0,
                    "labels": {
                      "run.googleapis.com/startupProbeType": "Default"
                    },
                    "name": "",
                    "namespace": "",
                    "resource_version": "",
                    "self_link": "",
                    "uid": ""
                  }
                ],
                "spec": [
                  {
                    "container_concurrency": 80,
                    "containers": [
                      {
                        "args": [],
                        "command": [],
                        "env": [
                          {
                            "name": "BLOG_SERVICE_URL",
                            "value": "https://blog-graphql-zf3wne2x2a-ey.a.run.app/graphql",
                            "value_from": []
                          }
                        ],
                        "env_from": [],
                        "image": "gcr.io/google-samples/hello-app:1.0",
                        "liveness_probe": [],
                        "name": "",
                        "ports": [
                          {
                            "container_port": 8080,
                            "name": "http1",
                            "protocol": ""
                          }
                        ],
                        "resources": [
                          {
                            "limits": {
                              "cpu": "1000m",
                              "memory": "512Mi"
                            },
                            "requests": {}
                          }
                        ],
                        "startup_probe": [
                          {
                            "failure_threshold": 1,
                            "grpc": [],
                            "http_get": [],
                            "initial_delay_seconds": 0,
                            "period_seconds": 240,
                            "tcp_socket": [
                              {
                                "port": 8080
                              }
                            ],
                            "timeout_seconds": 240
                          }
                        ],
                        "volume_mounts": [],
                        "working_dir": ""
                      }
                    ],
                    "service_account_name": "965609397871-compute@developer.gserviceaccount.com",
                    "serving_state": "",
                    "timeout_seconds": 300,
                    "volumes": []
                  }
                ]
              }
            ],
            "timeouts": null,
            "traffic": [
              {
                "latest_revision": true,
                "percent": 100,
                "revision_name": "",
                "tag": "",
                "url": ""
              }
            ]
          },
          "sensitive_attributes": [],
          "private": "eyJlMmJmYjczMC1lY2FhLTExZTYtOGY4OC0zNDM2M2JjN2M0YzAiOnsiY3JlYXRlIjoxMjAwMDAwMDAwMDAwLCJkZWxldGUiOjEyMDAwMDAwMDAwMDAsInVwZGF0ZSI6MTIwMDAwMDAwMDAwMH0sInNjaGVtYV92ZXJzaW9uIjoiMSJ9",
          "dependencies": [
            "module.blog-graphql.google_cloud_run_service.default",
            "module.blog-graphql.google_cloud_run_service_iam_member.public_access",
            "module.google-services.google_project_service.containerregistry",
            "module.google-services.google_project_service.redis",
            "module.google-services.google_project_service.run_api",
            "module.google-services.google_project_service.secrets_manager",
            "module.secrets-manager.data.google_secret_manager_secret_version.clerk-backend",
            "module.secrets-manager.google_secret_manager_secret.clerk-backend",
            "module.secrets-manager.google_secret_manager_secret_version.clerk-backend"
          ]
        }
      ]
    },
    {
      "module": "module.graphql-gateway",
      "mode": "managed",
      "type": "google_cloud_run_service_iam_member",
      "name": "public_access",
      "provider": "provider[\"registry.terraform.io/hashicorp/google\"]",
      "instances": [
        {
          "index_key": 0,
          "schema_version": 0,
          "attributes": {
            "condition": [],
            "etag": "BwX+kdwEbQY=",
            "id": "v1/projects/peeter-fvst-staging/locations/europe-west3/services/graphql-gateway/roles/run.invoker/allUsers",
            "location": "europe-west3",
            "member": "allUsers",
            "project": "peeter-fvst-staging",
            "role": "roles/run.invoker",
            "service": "v1/projects/peeter-fvst-staging/locations/europe-west3/services/graphql-gateway"
          },
          "sensitive_attributes": [],
          "private": "bnVsbA==",
          "dependencies": [
            "module.blog-graphql.google_cloud_run_service.default",
            "module.blog-graphql.google_cloud_run_service_iam_member.public_access",
            "module.google-services.google_project_service.containerregistry",
            "module.google-services.google_project_service.redis",
            "module.google-services.google_project_service.run_api",
            "module.google-services.google_project_service.secrets_manager",
            "module.graphql-gateway.google_cloud_run_service.default",
            "module.secrets-manager.data.google_secret_manager_secret_version.clerk-backend",
            "module.secrets-manager.google_secret_manager_secret.clerk-backend",
            "module.secrets-manager.google_secret_manager_secret_version.clerk-backend"
          ]
        }
      ]
    },
    {
      "module": "module.postgres",
      "mode": "managed",
      "type": "google_sql_database_instance",
      "name": "postgres",
      "provider": "provider[\"registry.terraform.io/hashicorp/google\"]",
      "instances": [
        {
          "schema_version": 0,
          "attributes": {
            "available_maintenance_versions": [],
            "clone": [],
            "connection_name": "peeter-fvst-staging:europe-west3:postgres",
            "database_version": "POSTGRES_14",
            "deletion_protection": true,
            "encryption_key_name": null,
            "first_ip_address": "34.107.71.119",
            "id": "postgres",
            "instance_type": "CLOUD_SQL_INSTANCE",
            "ip_address": [
              {
                "ip_address": "34.107.71.119",
                "time_to_retire": "",
                "type": "PRIMARY"
              },
              {
                "ip_address": "34.159.211.222",
                "time_to_retire": "",
                "type": "OUTGOING"
              }
            ],
            "maintenance_version": "POSTGRES_14_7.R20230530.01_00",
            "master_instance_name": "",
            "name": "postgres",
            "private_ip_address": "",
            "project": "peeter-fvst-staging",
            "public_ip_address": "34.107.71.119",
            "region": "europe-west3",
            "replica_configuration": [],
            "restore_backup_context": [],
            "root_password": null,
            "self_link": "https://sqladmin.googleapis.com/sql/v1beta4/projects/peeter-fvst-staging/instances/postgres",
            "server_ca_cert": [
              {
                "cert": "-----BEGIN CERTIFICATE-----\nMIIDfzCCAmegAwIBAgIBADANBgkqhkiG9w0BAQsFADB3MS0wKwYDVQQuEyRmZTVi\nYzAzZS00NWEyLTQ3MTUtOGM0Mi1iNmIxY2I0YTdjMDgxIzAhBgNVBAMTGkdvb2ds\nZSBDbG91ZCBTUUwgU2VydmVyIENBMRQwEgYDVQQKEwtHb29nbGUsIEluYzELMAkG\nA1UEBhMCVVMwHhcNMjMwNjE2MjIzNjE1WhcNMzMwNjEzMjIzNzE1WjB3MS0wKwYD\nVQQuEyRmZTViYzAzZS00NWEyLTQ3MTUtOGM0Mi1iNmIxY2I0YTdjMDgxIzAhBgNV\nBAMTGkdvb2dsZSBDbG91ZCBTUUwgU2VydmVyIENBMRQwEgYDVQQKEwtHb29nbGUs\nIEluYzELMAkGA1UEBhMCVVMwggEiMA0GCSqGSIb3DQEBAQUAA4IBDwAwggEKAoIB\nAQCotKhqvyOY46q+Zxb9OidNHCgJul3NE1ENU12LxU46NJ9vyMnJtbRLeGFTOTop\nxHGniDSJjWgERiKnYxFwmAtPixaN5Ww7RfTKx3YwKZnBKh0BrZghxhBOU4lg5yua\nV1SyDNmz4xkKdwo4kNSa9yKnAyggeIv/9SXcsPVpvHFsYB8LXxoG0IvREMREPPep\nDZLctLYFBJWCgtCvr4U3luJRHvccfaW080/MKp1N7X923gINNKg7FR8VxxK1WupR\nu9I5JopuR/1c9dUAVXlfNTfkQfaaGeCIn16+Qa0IbckrReu4iV5OgBH5Zagd+8Vp\n9NkBBNxNt7w2CgxwxnS4fgN7AgMBAAGjFjAUMBIGA1UdEwEB/wQIMAYBAf8CAQAw\nDQYJKoZIhvcNAQELBQADggEBAKUE+ddMbNU1MHIhMjYCYhFSyMz1Jb2EO0vszly4\nv4QyekocE/RWcYsFG4+OBAn83+NWl+YFdDoNNtXp7fyPHPT5LFqQEHUzkToU7aa/\n7C54k8f9qbUwEPGBwapi9NU8kBN/S9JuVfk/dIRjtqNy5zPtwdloJB+sDl/01K1z\nZ6gvy0n2bOVFzYPJC99eG2Un5fSbwU71yPsNRgUWIpqF1YY/iOwzYMy2uea+TJ0y\nX1u2XAW7G548w/udjGKRoodJB3A1RMtzLRcYK/HryClX+0w8s76Kg9wFhpPSFT2O\nqgtzEgF0lFnlcznm6ogt0D2NCB4Hakm+2iqG5lwJB9JwQko=\n-----END CERTIFICATE-----",
                "common_name": "C=US,O=Google\\, Inc,CN=Google Cloud SQL Server CA,dnQualifier=fe5bc03e-45a2-4715-8c42-b6b1cb4a7c08",
                "create_time": "2023-06-16T22:36:15.970Z",
                "expiration_time": "2033-06-13T22:37:15.970Z",
                "sha1_fingerprint": "6283cd1dc3dfa30fcd76073b1f2042c14de7a2ff"
              }
            ],
            "service_account_email_address": "p965609397871-q2ugwr@gcp-sa-cloud-sql.iam.gserviceaccount.com",
            "settings": [
              {
                "activation_policy": "ALWAYS",
                "active_directory_config": [],
                "advanced_machine_features": [],
                "availability_type": "ZONAL",
                "backup_configuration": [
                  {
                    "backup_retention_settings": [
                      {
                        "retained_backups": 7,
                        "retention_unit": "COUNT"
                      }
                    ],
                    "binary_log_enabled": false,
                    "enabled": false,
                    "location": "",
                    "point_in_time_recovery_enabled": false,
                    "start_time": "20:00",
                    "transaction_log_retention_days": 7
                  }
                ],
                "collation": "",
                "connector_enforcement": "NOT_REQUIRED",
                "database_flags": [],
                "deletion_protection_enabled": false,
                "deny_maintenance_period": [],
                "disk_autoresize": true,
                "disk_autoresize_limit": 0,
                "disk_size": 10,
                "disk_type": "PD_SSD",
                "insights_config": [],
                "ip_configuration": [
                  {
                    "allocated_ip_range": "",
                    "authorized_networks": [],
                    "enable_private_path_for_google_cloud_services": false,
                    "ipv4_enabled": true,
                    "private_network": "",
                    "require_ssl": false
                  }
                ],
                "location_preference": [
                  {
                    "follow_gae_application": "",
                    "secondary_zone": "",
                    "zone": "europe-west3-b"
                  }
                ],
                "maintenance_window": [],
                "password_validation_policy": [],
                "pricing_plan": "PER_USE",
                "sql_server_audit_config": [],
                "tier": "db-f1-micro",
                "time_zone": "",
                "user_labels": {},
                "version": 2
              }
            ],
            "timeouts": null
          },
          "sensitive_attributes": [],
          "private": "eyJlMmJmYjczMC1lY2FhLTExZTYtOGY4OC0zNDM2M2JjN2M0YzAiOnsiY3JlYXRlIjoyNDAwMDAwMDAwMDAwLCJkZWxldGUiOjE4MDAwMDAwMDAwMDAsInVwZGF0ZSI6MTgwMDAwMDAwMDAwMH19"
        }
      ]
    },
    {
      "module": "module.redis",
      "mode": "managed",
      "type": "google_redis_instance",
      "name": "cache",
      "provider": "provider[\"registry.terraform.io/hashicorp/google\"]",
      "instances": [
        {
          "schema_version": 0,
          "attributes": {
            "alternative_location_id": "",
            "auth_enabled": false,
            "auth_string": "",
            "authorized_network": "projects/peeter-fvst-staging/global/networks/default",
            "connect_mode": "DIRECT_PEERING",
            "create_time": "2023-06-16T20:46:41.151933056Z",
            "current_location_id": "europe-west3-c",
            "customer_managed_key": "",
            "display_name": "",
            "host": "10.131.140.51",
            "id": "projects/peeter-fvst-staging/locations/europe-west3/instances/memory-cache",
            "labels": {},
            "location_id": "europe-west3-c",
            "maintenance_policy": [],
            "maintenance_schedule": [],
            "memory_size_gb": 1,
            "name": "memory-cache",
            "nodes": [
              {
                "id": "node-0",
                "zone": "europe-west3-c"
              }
            ],
            "persistence_config": [
              {
                "persistence_mode": "DISABLED",
                "rdb_next_snapshot_time": "",
                "rdb_snapshot_period": "",
                "rdb_snapshot_start_time": ""
              }
            ],
            "persistence_iam_identity": "serviceAccount:service-965609397871@cloud-redis.iam.gserviceaccount.com",
            "port": 6379,
            "project": "peeter-fvst-staging",
            "read_endpoint": "",
            "read_endpoint_port": 0,
            "read_replicas_mode": "READ_REPLICAS_DISABLED",
            "redis_configs": {},
            "redis_version": "REDIS_6_X",
            "region": "europe-west3",
            "replica_count": 0,
            "reserved_ip_range": null,
            "secondary_ip_range": "",
            "server_ca_certs": [],
            "tier": "BASIC",
            "timeouts": null,
            "transit_encryption_mode": "DISABLED"
          },
          "sensitive_attributes": [],
          "private": "eyJlMmJmYjczMC1lY2FhLTExZTYtOGY4OC0zNDM2M2JjN2M0YzAiOnsiY3JlYXRlIjoxMjAwMDAwMDAwMDAwLCJkZWxldGUiOjEyMDAwMDAwMDAwMDAsInVwZGF0ZSI6MTIwMDAwMDAwMDAwMH19",
          "dependencies": [
            "module.google-services.google_project_service.containerregistry",
            "module.google-services.google_project_service.redis",
            "module.google-services.google_project_service.run_api",
            "module.google-services.google_project_service.secrets_manager"
          ]
        }
      ]
    },
    {
      "module": "module.secrets-manager",
      "mode": "data",
      "type": "google_secret_manager_secret_version",
      "name": "clerk-backend",
      "provider": "provider[\"registry.terraform.io/hashicorp/google-beta\"]",
      "instances": [
        {
          "schema_version": 0,
          "attributes": {
            "create_time": "2023-06-22T17:21:15.637585Z",
            "destroy_time": null,
            "enabled": true,
            "id": "projects/965609397871/secrets/clerk-backend/versions/2",
            "name": "projects/965609397871/secrets/clerk-backend/versions/2",
            "project": "peeter-fvst-staging",
            "secret": "clerk-backend",
            "secret_data": "{\"CLERK_ISSUER\":\"CHANGE-ME-IN-GCP-SECRETS-MANAGER\",\"CLERK_JWSK_URL\":\"CHANGE-ME-IN-GCP-SECRETS-MANAGER\"}",
            "version": "2"
          },
          "sensitive_attributes": []
        }
      ]
    },
    {
      "module": "module.secrets-manager",
      "mode": "managed",
      "type": "google_secret_manager_secret",
      "name": "clerk-backend",
      "provider": "provider[\"registry.terraform.io/hashicorp/google-beta\"]",
      "instances": [
        {
          "schema_version": 0,
          "attributes": {
            "create_time": "2023-06-20T19:29:46.333342Z",
            "expire_time": "",
            "id": "projects/peeter-fvst-staging/secrets/clerk-backend",
            "labels": {
              "label": "clerk-backend"
            },
            "name": "projects/965609397871/secrets/clerk-backend",
            "project": "peeter-fvst-staging",
            "replication": [
              {
                "automatic": true,
                "user_managed": []
              }
            ],
            "rotation": [],
            "secret_id": "clerk-backend",
            "timeouts": null,
            "topics": [],
            "ttl": null
          },
          "sensitive_attributes": [],
          "private": "eyJlMmJmYjczMC1lY2FhLTExZTYtOGY4OC0zNDM2M2JjN2M0YzAiOnsiY3JlYXRlIjoxMjAwMDAwMDAwMDAwLCJkZWxldGUiOjEyMDAwMDAwMDAwMDAsInVwZGF0ZSI6MTIwMDAwMDAwMDAwMH19",
          "dependencies": [
            "module.google-services.google_project_service.containerregistry",
            "module.google-services.google_project_service.redis",
            "module.google-services.google_project_service.run_api",
            "module.google-services.google_project_service.secrets_manager"
          ]
        }
      ]
    },
    {
      "module": "module.secrets-manager",
      "mode": "managed",
      "type": "google_secret_manager_secret_version",
      "name": "clerk-backend",
      "provider": "provider[\"registry.terraform.io/hashicorp/google\"]",
      "instances": [
        {
          "schema_version": 0,
          "attributes": {
            "create_time": "2023-06-22T17:21:15.637585Z",
            "destroy_time": "",
            "enabled": true,
            "id": "projects/965609397871/secrets/clerk-backend/versions/2",
            "name": "projects/965609397871/secrets/clerk-backend/versions/2",
            "secret": "projects/peeter-fvst-staging/secrets/clerk-backend",
            "secret_data": "{\"CLERK_ISSUER\":\"CHANGE-ME-IN-GCP-SECRETS-MANAGER\",\"CLERK_JWSK_URL\":\"CHANGE-ME-IN-GCP-SECRETS-MANAGER\"}",
            "timeouts": null,
            "version": "2"
          },
          "sensitive_attributes": [],
          "private": "eyJlMmJmYjczMC1lY2FhLTExZTYtOGY4OC0zNDM2M2JjN2M0YzAiOnsiY3JlYXRlIjoxMjAwMDAwMDAwMDAwLCJkZWxldGUiOjEyMDAwMDAwMDAwMDB9fQ==",
          "dependencies": [
            "module.google-services.google_project_service.containerregistry",
            "module.google-services.google_project_service.redis",
            "module.google-services.google_project_service.run_api",
            "module.google-services.google_project_service.secrets_manager",
            "module.secrets-manager.google_secret_manager_secret.clerk-backend"
          ]
        }
      ]
    }
  ],
  "check_results": null
}
