{
  "version": 4,
  "terraform_version": "1.4.6",
  "serial": 25,
  "lineage": "f22515ba-1126-ed87-404a-a040864dfca5",
  "outputs": {},
  "resources": [
    {
      "module": "module.container-registry",
      "mode": "managed",
      "type": "google_container_registry",
      "name": "registry",
      "provider": "provider[\"registry.terraform.io/hashicorp/google\"]",
      "instances": [
        {
          "schema_version": 0,
          "attributes": {
            "bucket_self_link": "https://www.googleapis.com/storage/v1/b/eu.artifacts.peeter-fvst-staging.appspot.com",
            "id": "eu.artifacts.peeter-fvst-staging.appspot.com",
            "location": "EU",
            "project": "peeter-fvst-staging"
          },
          "sensitive_attributes": [],
          "private": "bnVsbA==",
          "dependencies": [
            "module.google-services.google_project_service.containerregistry",
            "module.google-services.google_project_service.redis"
          ]
        }
      ]
    },
    {
      "module": "module.google-services",
      "mode": "managed",
      "type": "google_project_service",
      "name": "containerregistry",
      "provider": "provider[\"registry.terraform.io/hashicorp/google\"]",
      "instances": [
        {
          "schema_version": 0,
          "attributes": {
            "disable_dependent_services": null,
            "disable_on_destroy": true,
            "id": "peeter-fvst-staging/containerregistry.googleapis.com",
            "project": "peeter-fvst-staging",
            "service": "containerregistry.googleapis.com",
            "timeouts": null
          },
          "sensitive_attributes": [],
          "private": "eyJlMmJmYjczMC1lY2FhLTExZTYtOGY4OC0zNDM2M2JjN2M0YzAiOnsiY3JlYXRlIjoxMjAwMDAwMDAwMDAwLCJkZWxldGUiOjEyMDAwMDAwMDAwMDAsInJlYWQiOjYwMDAwMDAwMDAwMCwidXBkYXRlIjoxMjAwMDAwMDAwMDAwfX0="
        }
      ]
    },
    {
      "module": "module.google-services",
      "mode": "managed",
      "type": "google_project_service",
      "name": "redis",
      "provider": "provider[\"registry.terraform.io/hashicorp/google\"]",
      "instances": [
        {
          "schema_version": 0,
          "attributes": {
            "disable_dependent_services": null,
            "disable_on_destroy": true,
            "id": "peeter-fvst-staging/redis.googleapis.com",
            "project": "peeter-fvst-staging",
            "service": "redis.googleapis.com",
            "timeouts": null
          },
          "sensitive_attributes": [],
          "private": "eyJlMmJmYjczMC1lY2FhLTExZTYtOGY4OC0zNDM2M2JjN2M0YzAiOnsiY3JlYXRlIjoxMjAwMDAwMDAwMDAwLCJkZWxldGUiOjEyMDAwMDAwMDAwMDAsInJlYWQiOjYwMDAwMDAwMDAwMCwidXBkYXRlIjoxMjAwMDAwMDAwMDAwfX0="
        }
      ]
    },
    {
      "module": "module.redis",
      "mode": "managed",
      "type": "google_redis_instance",
      "name": "cache",
      "provider": "provider[\"registry.terraform.io/hashicorp/google\"]",
      "instances": [
        {
          "schema_version": 0,
          "attributes": {
            "alternative_location_id": "",
            "auth_enabled": false,
            "auth_string": "",
            "authorized_network": "projects/peeter-fvst-staging/global/networks/default",
            "connect_mode": "DIRECT_PEERING",
            "create_time": "2023-06-10T17:45:42.263157202Z",
            "current_location_id": "europe-west3-b",
            "customer_managed_key": "",
            "display_name": "",
            "host": "10.188.216.147",
            "id": "projects/peeter-fvst-staging/locations/europe-west3/instances/memory-cache",
            "labels": {},
            "location_id": "europe-west3-b",
            "maintenance_policy": [],
            "maintenance_schedule": [],
            "memory_size_gb": 1,
            "name": "memory-cache",
            "nodes": [
              {
                "id": "node-0",
                "zone": "europe-west3-b"
              }
            ],
            "persistence_config": [
              {
                "persistence_mode": "DISABLED",
                "rdb_next_snapshot_time": "",
                "rdb_snapshot_period": "",
                "rdb_snapshot_start_time": ""
              }
            ],
            "persistence_iam_identity": "serviceAccount:service-965609397871@cloud-redis.iam.gserviceaccount.com",
            "port": 6379,
            "project": "peeter-fvst-staging",
            "read_endpoint": "",
            "read_endpoint_port": 0,
            "read_replicas_mode": "READ_REPLICAS_DISABLED",
            "redis_configs": {},
            "redis_version": "REDIS_6_X",
            "region": "europe-west3",
            "replica_count": 0,
            "reserved_ip_range": null,
            "secondary_ip_range": "",
            "server_ca_certs": [],
            "tier": "BASIC",
            "timeouts": null,
            "transit_encryption_mode": "DISABLED"
          },
          "sensitive_attributes": [],
          "private": "eyJlMmJmYjczMC1lY2FhLTExZTYtOGY4OC0zNDM2M2JjN2M0YzAiOnsiY3JlYXRlIjoxMjAwMDAwMDAwMDAwLCJkZWxldGUiOjEyMDAwMDAwMDAwMDAsInVwZGF0ZSI6MTIwMDAwMDAwMDAwMH19",
          "dependencies": [
            "module.google-services.google_project_service.containerregistry",
            "module.google-services.google_project_service.redis"
          ]
        }
      ]
    }
  ],
  "check_results": null
}
